
Microsoft Visual Studio Solution File, Format Version 12.00
# Visual Studio 15
VisualStudioVersion = 15.0.27130.2024
MinimumVisualStudioVersion = 10.0.40219.1
Project("{8BC9CEB8-8B4A-11D0-8D11-00A0C91BC942}") = "reciclador", "reciclador\reciclador.vcxproj", "{CCD25A4C-6029-438A-84C8-333A90CE3908}"
EndProject
Global
	GlobalSection(SolutionConfigurationPlatforms) = preSolution
		Debug|x64 = Debug|x64
		Debug|x86 = Debug|x86
		Release|x64 = Release|x64
		Release|x86 = Release|x86
	EndGlobalSection
	GlobalSection(ProjectConfigurationPlatforms) = postSolution
		{CCD25A4C-6029-438A-84C8-333A90CE3908}.Debug|x64.ActiveCfg = Debug|x64
		{CCD25A4C-6029-438A-84C8-333A90CE3908}.Debug|x64.Build.0 = Debug|x64
		{CCD25A4C-6029-438A-84C8-333A90CE3908}.Debug|x86.ActiveCfg = Debug|Win32
		{CCD25A4C-6029-438A-84C8-333A90CE3908}.Debug|x86.Build.0 = Debug|Win32
		{CCD25A4C-6029-438A-84C8-333A90CE3908}.Release|x64.ActiveCfg = Release|x64
		{CCD25A4C-6029-438A-84C8-333A90CE3908}.Release|x64.Build.0 = Release|x64
		{CCD25A4C-6029-438A-84C8-333A90CE3908}.Release|x86.ActiveCfg = Release|Win32
		{CCD25A4C-6029-438A-84C8-333A90CE3908}.Release|x86.Build.0 = Release|Win32
	EndGlobalSection
	GlobalSection(SolutionProperties) = preSolution
		HideSolutionNode = FALSE
	EndGlobalSection
	GlobalSection(ExtensibilityGlobals) = postSolution
		SolutionGuid = {7F32EC95-5CBC-4926-AAE3-4DDC9DF4EC2B}
	EndGlobalSection
EndGlobal
